{
  "object": {
    "pins": [
      {
        "package": "Socket",
        "repositoryURL": "https://github.com/IBM-Swift/BlueSocket",
        "state": {
          "branch": null,
          "revision": "c9894fd117457f1d006575fbfb2fdfd6f79eac03",
          "version": "1.0.200"
        }
      },
      {
        "package": "OpenSSL",
        "repositoryURL": "https://github.com/krzyzanowskim/OpenSSL",
        "state": {
          "branch": "master",
          "revision": "23d8b94ae16d668b2916be1fdade7de375c6ccb0",
          "version": null
        }
      },
      {
        "package": "Shout",
        "repositoryURL": "https://github.com/DimaRU/Shout",
        "state": {
          "branch": null,
          "revision": "dbb02940a3a96c2f126079891589902a562d0e8d",
          "version": "0.5.4"
        }
      }
    ]
  },
  "version": 1
}
